// !$*UTF8*$!
{
	archiveVersion = 1;
	classes = {
	};
	objectVersion = 46;
	objects = {

/* Begin PBXBuildFile section */
		3AF86DD56C27E5F42A2544E5 /* libPods.a in Frameworks */ = {isa = PBXBuildFile; fileRef = 843A8839822DFDA76A50AC85 /* libPods.a */; };
		6404ECD41AC01D050011BC5A /* main.m in Sources */ = {isa = PBXBuildFile; fileRef = 6404ECD31AC01D050011BC5A /* main.m */; };
		6404ECD71AC01D050011BC5A /* AppDelegate.m in Sources */ = {isa = PBXBuildFile; fileRef = 6404ECD61AC01D050011BC5A /* AppDelegate.m */; };
		6404ECDA1AC01D050011BC5A /* CameraDemo.xcdatamodeld in Sources */ = {isa = PBXBuildFile; fileRef = 6404ECD81AC01D050011BC5A /* CameraDemo.xcdatamodeld */; };
		6404ECDD1AC01D050011BC5A /* ViewController.m in Sources */ = {isa = PBXBuildFile; fileRef = 6404ECDC1AC01D050011BC5A /* ViewController.m */; };
		6404ECE01AC01D050011BC5A /* Main.storyboard in Resources */ = {isa = PBXBuildFile; fileRef = 6404ECDE1AC01D050011BC5A /* Main.storyboard */; };
		6404ECE21AC01D050011BC5A /* Images.xcassets in Resources */ = {isa = PBXBuildFile; fileRef = 6404ECE11AC01D050011BC5A /* Images.xcassets */; };
		6404ECE51AC01D050011BC5A /* LaunchScreen.xib in Resources */ = {isa = PBXBuildFile; fileRef = 6404ECE31AC01D050011BC5A /* LaunchScreen.xib */; };
		6404ECF11AC01D050011BC5A /* CameraDemoTests.m in Sources */ = {isa = PBXBuildFile; fileRef = 6404ECF01AC01D050011BC5A /* CameraDemoTests.m */; };
		640DC2F81AC152EF00E45999 /* ImageCacheHandler.m in Sources */ = {isa = PBXBuildFile; fileRef = 640DC2F71AC152EF00E45999 /* ImageCacheHandler.m */; };
		640DC2FF1AC158BA00E45999 /* PhotoHandler.m in Sources */ = {isa = PBXBuildFile; fileRef = 640DC2FE1AC158BA00E45999 /* PhotoHandler.m */; };
		640DC3021AC1640200E45999 /* DateHandler.m in Sources */ = {isa = PBXBuildFile; fileRef = 640DC3011AC1640200E45999 /* DateHandler.m */; };
		640DC3051AC1665300E45999 /* CommonDefine.m in Sources */ = {isa = PBXBuildFile; fileRef = 640DC3041AC1665300E45999 /* CommonDefine.m */; };
		640DC30B1AC16B9C00E45999 /* AlbumViewController.m in Sources */ = {isa = PBXBuildFile; fileRef = 640DC30A1AC16B9C00E45999 /* AlbumViewController.m */; };
		644D8CF51AC91E0B00507D16 /* OpenGLES.framework in Frameworks */ = {isa = PBXBuildFile; fileRef = 644D8CF41AC91E0B00507D16 /* OpenGLES.framework */; };
		644D8D351AC9343900507D16 /* CoreImage.framework in Frameworks */ = {isa = PBXBuildFile; fileRef = 644D8D341AC9343900507D16 /* CoreImage.framework */; };
		64B62DF11ACC3FB700B21886 /* WhiteBalanceSetVC.m in Sources */ = {isa = PBXBuildFile; fileRef = 64B62DF01ACC3FB700B21886 /* WhiteBalanceSetVC.m */; };
		64B9ABFF1AC519D900CE0D2C /* ExposureSetVC.m in Sources */ = {isa = PBXBuildFile; fileRef = 64B9ABFE1AC519D900CE0D2C /* ExposureSetVC.m */; };
		64B9F65C1AC2929B00FBD86B /* AlbumCollectionViewCell.m in Sources */ = {isa = PBXBuildFile; fileRef = 64B9F65B1AC2929B00FBD86B /* AlbumCollectionViewCell.m */; };
		64B9F6601AC2964900FBD86B /* ViewModelClass.m in Sources */ = {isa = PBXBuildFile; fileRef = 64B9F65F1AC2964900FBD86B /* ViewModelClass.m */; };
		64B9F66C1AC29CA400FBD86B /* AlbumHandler.m in Sources */ = {isa = PBXBuildFile; fileRef = 64B9F66B1AC29CA400FBD86B /* AlbumHandler.m */; };
		64B9F66F1AC29FDE00FBD86B /* AlbumViewModeClass.m in Sources */ = {isa = PBXBuildFile; fileRef = 64B9F66E1AC29FDE00FBD86B /* AlbumViewModeClass.m */; };
		64B9F6731AC2A34900FBD86B /* CameraViewModeClass.m in Sources */ = {isa = PBXBuildFile; fileRef = 64B9F6721AC2A34900FBD86B /* CameraViewModeClass.m */; };
		64BCC5D31ACD104D004547B5 /* PhotoDetailVC.m in Sources */ = {isa = PBXBuildFile; fileRef = 64BCC5D21ACD104D004547B5 /* PhotoDetailVC.m */; };
		64BCC5D61ACD15BE004547B5 /* AlbumInfo.m in Sources */ = {isa = PBXBuildFile; fileRef = 64BCC5D51ACD15BE004547B5 /* AlbumInfo.m */; };
		64BCC5D91ACD15BF004547B5 /* PhotoInfo.m in Sources */ = {isa = PBXBuildFile; fileRef = 64BCC5D81ACD15BF004547B5 /* PhotoInfo.m */; };
		64BCEB231AC6EAD10049ABA2 /* FrameRateSetVC.m in Sources */ = {isa = PBXBuildFile; fileRef = 64BCEB221AC6EAD10049ABA2 /* FrameRateSetVC.m */; };
		64BF68201AC0F908001535F5 /* CoreMedia.framework in Frameworks */ = {isa = PBXBuildFile; fileRef = 64BF681F1AC0F908001535F5 /* CoreMedia.framework */; };
		64BF68221AC0F90E001535F5 /* QuartzCore.framework in Frameworks */ = {isa = PBXBuildFile; fileRef = 64BF68211AC0F90E001535F5 /* QuartzCore.framework */; };
		64BF68241AC0F91B001535F5 /* CoreVideo.framework in Frameworks */ = {isa = PBXBuildFile; fileRef = 64BF68231AC0F91B001535F5 /* CoreVideo.framework */; };
		64BF68261AC0F921001535F5 /* AVFoundation.framework in Frameworks */ = {isa = PBXBuildFile; fileRef = 64BF68251AC0F921001535F5 /* AVFoundation.framework */; };
		64BF68281AC0F92B001535F5 /* CoreGraphics.framework in Frameworks */ = {isa = PBXBuildFile; fileRef = 64BF68271AC0F92B001535F5 /* CoreGraphics.framework */; };
		64BF682A1AC0F937001535F5 /* Security.framework in Frameworks */ = {isa = PBXBuildFile; fileRef = 64BF68291AC0F937001535F5 /* Security.framework */; };
		64BF682C1AC0F942001535F5 /* CoreData.framework in Frameworks */ = {isa = PBXBuildFile; fileRef = 64BF682B1AC0F942001535F5 /* CoreData.framework */; };
		64BF682E1AC0F953001535F5 /* UIKit.framework in Frameworks */ = {isa = PBXBuildFile; fileRef = 64BF682D1AC0F953001535F5 /* UIKit.framework */; };
		64BF68301AC0F95F001535F5 /* Foundation.framework in Frameworks */ = {isa = PBXBuildFile; fileRef = 64BF682F1AC0F95F001535F5 /* Foundation.framework */; };
		64BF68341AC0FA1D001535F5 /* AVFoundationHandler.m in Sources */ = {isa = PBXBuildFile; fileRef = 64BF68331AC0FA1D001535F5 /* AVFoundationHandler.m */; };
		64C2099D1AC8EA7700B26444 /* CameraFilterVC.m in Sources */ = {isa = PBXBuildFile; fileRef = 64C2099C1AC8EA7700B26444 /* CameraFilterVC.m */; };
		64C2A0D41AC3ECF300967689 /* CameraView.m in Sources */ = {isa = PBXBuildFile; fileRef = 64C2A0D31AC3ECF300967689 /* CameraView.m */; };
		64C2A0D71AC4064300967689 /* MyNavigationViewController.m in Sources */ = {isa = PBXBuildFile; fileRef = 64C2A0D61AC4064300967689 /* MyNavigationViewController.m */; };
		64C705F91ACB833C00889DCA /* CTargetAction.m in Sources */ = {isa = PBXBuildFile; fileRef = 64C705F81ACB833C00889DCA /* CTargetAction.m */; };
		64C705FD1ACBD43300889DCA /* FocusLensVC.m in Sources */ = {isa = PBXBuildFile; fileRef = 64C705FC1ACBD43300889DCA /* FocusLensVC.m */; };
/* End PBXBuildFile section */

/* Begin PBXContainerItemProxy section */
		6404ECEB1AC01D050011BC5A /* PBXContainerItemProxy */ = {
			isa = PBXContainerItemProxy;
			containerPortal = 6404ECC61AC01D050011BC5A /* Project object */;
			proxyType = 1;
			remoteGlobalIDString = 6404ECCD1AC01D050011BC5A;
			remoteInfo = CameraDemo;
		};
/* End PBXContainerItemProxy section */

/* Begin PBXFileReference section */
		0F0FF2B5F1164EAC5749F283 /* Pods.release.xcconfig */ = {isa = PBXFileReference; includeInIndex = 1; lastKnownFileType = text.xcconfig; name = Pods.release.xcconfig; path = "Pods/Target Support Files/Pods/Pods.release.xcconfig"; sourceTree = "<group>"; };
		3B4F6B88B0EA7815C7ADDC30 /* Pods.debug.xcconfig */ = {isa = PBXFileReference; includeInIndex = 1; lastKnownFileType = text.xcconfig; name = Pods.debug.xcconfig; path = "Pods/Target Support Files/Pods/Pods.debug.xcconfig"; sourceTree = "<group>"; };
		6404ECCE1AC01D050011BC5A /* CameraDemo.app */ = {isa = PBXFileReference; explicitFileType = wrapper.application; includeInIndex = 0; path = CameraDemo.app; sourceTree = BUILT_PRODUCTS_DIR; };
		6404ECD21AC01D050011BC5A /* Info.plist */ = {isa = PBXFileReference; lastKnownFileType = text.plist.xml; path = Info.plist; sourceTree = "<group>"; };
		6404ECD31AC01D050011BC5A /* main.m */ = {isa = PBXFileReference; lastKnownFileType = sourcecode.c.objc; path = main.m; sourceTree = "<group>"; };
		6404ECD51AC01D050011BC5A /* AppDelegate.h */ = {isa = PBXFileReference; lastKnownFileType = sourcecode.c.h; path = AppDelegate.h; sourceTree = "<group>"; };
		6404ECD61AC01D050011BC5A /* AppDelegate.m */ = {isa = PBXFileReference; lastKnownFileType = sourcecode.c.objc; path = AppDelegate.m; sourceTree = "<group>"; };
		6404ECD91AC01D050011BC5A /* CameraDemo.xcdatamodel */ = {isa = PBXFileReference; lastKnownFileType = wrapper.xcdatamodel; path = CameraDemo.xcdatamodel; sourceTree = "<group>"; };
		6404ECDB1AC01D050011BC5A /* ViewController.h */ = {isa = PBXFileReference; lastKnownFileType = sourcecode.c.h; name = ViewController.h; path = CameraDemo/ViewController.h; sourceTree = "<group>"; };
		6404ECDC1AC01D050011BC5A /* ViewController.m */ = {isa = PBXFileReference; lastKnownFileType = sourcecode.c.objc; name = ViewController.m; path = CameraDemo/ViewController.m; sourceTree = "<group>"; };
		6404ECDF1AC01D050011BC5A /* Base */ = {isa = PBXFileReference; lastKnownFileType = file.storyboard; name = Base; path = Base.lproj/Main.storyboard; sourceTree = "<group>"; };
		6404ECE11AC01D050011BC5A /* Images.xcassets */ = {isa = PBXFileReference; lastKnownFileType = folder.assetcatalog; path = Images.xcassets; sourceTree = "<group>"; };
		6404ECE41AC01D050011BC5A /* Base */ = {isa = PBXFileReference; lastKnownFileType = file.xib; name = Base; path = Base.lproj/LaunchScreen.xib; sourceTree = "<group>"; };
		6404ECEA1AC01D050011BC5A /* CameraDemoTests.xctest */ = {isa = PBXFileReference; explicitFileType = wrapper.cfbundle; includeInIndex = 0; path = CameraDemoTests.xctest; sourceTree = BUILT_PRODUCTS_DIR; };
		6404ECEF1AC01D050011BC5A /* Info.plist */ = {isa = PBXFileReference; lastKnownFileType = text.plist.xml; path = Info.plist; sourceTree = "<group>"; };
		6404ECF01AC01D050011BC5A /* CameraDemoTests.m */ = {isa = PBXFileReference; lastKnownFileType = sourcecode.c.objc; path = CameraDemoTests.m; sourceTree = "<group>"; };
		640DC2F61AC152EF00E45999 /* ImageCacheHandler.h */ = {isa = PBXFileReference; fileEncoding = 4; lastKnownFileType = sourcecode.c.h; path = ImageCacheHandler.h; sourceTree = "<group>"; };
		640DC2F71AC152EF00E45999 /* ImageCacheHandler.m */ = {isa = PBXFileReference; fileEncoding = 4; lastKnownFileType = sourcecode.c.objc; path = ImageCacheHandler.m; sourceTree = "<group>"; };
		640DC2FD1AC158BA00E45999 /* PhotoHandler.h */ = {isa = PBXFileReference; fileEncoding = 4; lastKnownFileType = sourcecode.c.h; path = PhotoHandler.h; sourceTree = "<group>"; };
		640DC2FE1AC158BA00E45999 /* PhotoHandler.m */ = {isa = PBXFileReference; fileEncoding = 4; lastKnownFileType = sourcecode.c.objc; path = PhotoHandler.m; sourceTree = "<group>"; };
		640DC3001AC1640200E45999 /* DateHandler.h */ = {isa = PBXFileReference; fileEncoding = 4; lastKnownFileType = sourcecode.c.h; path = DateHandler.h; sourceTree = "<group>"; };
		640DC3011AC1640200E45999 /* DateHandler.m */ = {isa = PBXFileReference; fileEncoding = 4; lastKnownFileType = sourcecode.c.objc; path = DateHandler.m; sourceTree = "<group>"; };
		640DC3031AC1665300E45999 /* CommonDefine.h */ = {isa = PBXFileReference; fileEncoding = 4; lastKnownFileType = sourcecode.c.h; path = CommonDefine.h; sourceTree = "<group>"; };
		640DC3041AC1665300E45999 /* CommonDefine.m */ = {isa = PBXFileReference; fileEncoding = 4; lastKnownFileType = sourcecode.c.objc; path = CommonDefine.m; sourceTree = "<group>"; };
		640DC3091AC16B9C00E45999 /* AlbumViewController.h */ = {isa = PBXFileReference; fileEncoding = 4; lastKnownFileType = sourcecode.c.h; name = AlbumViewController.h; path = CameraDemo/AlbumViewController.h; sourceTree = "<group>"; };
		640DC30A1AC16B9C00E45999 /* AlbumViewController.m */ = {isa = PBXFileReference; fileEncoding = 4; lastKnownFileType = sourcecode.c.objc; name = AlbumViewController.m; path = CameraDemo/AlbumViewController.m; sourceTree = "<group>"; };
		644D8CF41AC91E0B00507D16 /* OpenGLES.framework */ = {isa = PBXFileReference; lastKnownFileType = wrapper.framework; name = OpenGLES.framework; path = System/Library/Frameworks/OpenGLES.framework; sourceTree = SDKROOT; };
		644D8D341AC9343900507D16 /* CoreImage.framework */ = {isa = PBXFileReference; lastKnownFileType = wrapper.framework; name = CoreImage.framework; path = System/Library/Frameworks/CoreImage.framework; sourceTree = SDKROOT; };
		64B62DEF1ACC3FB700B21886 /* WhiteBalanceSetVC.h */ = {isa = PBXFileReference; fileEncoding = 4; lastKnownFileType = sourcecode.c.h; path = WhiteBalanceSetVC.h; sourceTree = "<group>"; };
		64B62DF01ACC3FB700B21886 /* WhiteBalanceSetVC.m */ = {isa = PBXFileReference; fileEncoding = 4; lastKnownFileType = sourcecode.c.objc; path = WhiteBalanceSetVC.m; sourceTree = "<group>"; };
		64B9ABFD1AC519D900CE0D2C /* ExposureSetVC.h */ = {isa = PBXFileReference; fileEncoding = 4; lastKnownFileType = sourcecode.c.h; path = ExposureSetVC.h; sourceTree = "<group>"; };
		64B9ABFE1AC519D900CE0D2C /* ExposureSetVC.m */ = {isa = PBXFileReference; fileEncoding = 4; lastKnownFileType = sourcecode.c.objc; path = ExposureSetVC.m; sourceTree = "<group>"; };
		64B9F65A1AC2929B00FBD86B /* AlbumCollectionViewCell.h */ = {isa = PBXFileReference; fileEncoding = 4; lastKnownFileType = sourcecode.c.h; name = AlbumCollectionViewCell.h; path = CameraDemo/AlbumCollectionViewCell.h; sourceTree = "<group>"; };
		64B9F65B1AC2929B00FBD86B /* AlbumCollectionViewCell.m */ = {isa = PBXFileReference; fileEncoding = 4; lastKnownFileType = sourcecode.c.objc; name = AlbumCollectionViewCell.m; path = CameraDemo/AlbumCollectionViewCell.m; sourceTree = "<group>"; };
		64B9F65E1AC2964900FBD86B /* ViewModelClass.h */ = {isa = PBXFileReference; fileEncoding = 4; lastKnownFileType = sourcecode.c.h; path = ViewModelClass.h; sourceTree = "<group>"; };
		64B9F65F1AC2964900FBD86B /* ViewModelClass.m */ = {isa = PBXFileReference; fileEncoding = 4; lastKnownFileType = sourcecode.c.objc; path = ViewModelClass.m; sourceTree = "<group>"; };
		64B9F66A1AC29CA400FBD86B /* AlbumHandler.h */ = {isa = PBXFileReference; fileEncoding = 4; lastKnownFileType = sourcecode.c.h; path = AlbumHandler.h; sourceTree = "<group>"; };
		64B9F66B1AC29CA400FBD86B /* AlbumHandler.m */ = {isa = PBXFileReference; fileEncoding = 4; lastKnownFileType = sourcecode.c.objc; path = AlbumHandler.m; sourceTree = "<group>"; };
		64B9F66D1AC29FDE00FBD86B /* AlbumViewModeClass.h */ = {isa = PBXFileReference; fileEncoding = 4; lastKnownFileType = sourcecode.c.h; path = AlbumViewModeClass.h; sourceTree = "<group>"; };
		64B9F66E1AC29FDE00FBD86B /* AlbumViewModeClass.m */ = {isa = PBXFileReference; fileEncoding = 4; lastKnownFileType = sourcecode.c.objc; path = AlbumViewModeClass.m; sourceTree = "<group>"; };
		64B9F6711AC2A34900FBD86B /* CameraViewModeClass.h */ = {isa = PBXFileReference; fileEncoding = 4; lastKnownFileType = sourcecode.c.h; path = CameraViewModeClass.h; sourceTree = "<group>"; };
		64B9F6721AC2A34900FBD86B /* CameraViewModeClass.m */ = {isa = PBXFileReference; fileEncoding = 4; lastKnownFileType = sourcecode.c.objc; path = CameraViewModeClass.m; sourceTree = "<group>"; };
		64BCC5D11ACD104D004547B5 /* PhotoDetailVC.h */ = {isa = PBXFileReference; fileEncoding = 4; lastKnownFileType = sourcecode.c.h; path = PhotoDetailVC.h; sourceTree = "<group>"; };
		64BCC5D21ACD104D004547B5 /* PhotoDetailVC.m */ = {isa = PBXFileReference; fileEncoding = 4; lastKnownFileType = sourcecode.c.objc; path = PhotoDetailVC.m; sourceTree = "<group>"; };
		64BCC5D41ACD15BE004547B5 /* AlbumInfo.h */ = {isa = PBXFileReference; fileEncoding = 4; lastKnownFileType = sourcecode.c.h; name = AlbumInfo.h; path = CameraDemo/AlbumInfo.h; sourceTree = "<group>"; };
		64BCC5D51ACD15BE004547B5 /* AlbumInfo.m */ = {isa = PBXFileReference; fileEncoding = 4; lastKnownFileType = sourcecode.c.objc; name = AlbumInfo.m; path = CameraDemo/AlbumInfo.m; sourceTree = "<group>"; };
		64BCC5D71ACD15BF004547B5 /* PhotoInfo.h */ = {isa = PBXFileReference; fileEncoding = 4; lastKnownFileType = sourcecode.c.h; name = PhotoInfo.h; path = CameraDemo/PhotoInfo.h; sourceTree = "<group>"; };
		64BCC5D81ACD15BF004547B5 /* PhotoInfo.m */ = {isa = PBXFileReference; fileEncoding = 4; lastKnownFileType = sourcecode.c.objc; name = PhotoInfo.m; path = CameraDemo/PhotoInfo.m; sourceTree = "<group>"; };
		64BCEB211AC6EAD10049ABA2 /* FrameRateSetVC.h */ = {isa = PBXFileReference; fileEncoding = 4; lastKnownFileType = sourcecode.c.h; path = FrameRateSetVC.h; sourceTree = "<group>"; };
		64BCEB221AC6EAD10049ABA2 /* FrameRateSetVC.m */ = {isa = PBXFileReference; fileEncoding = 4; lastKnownFileType = sourcecode.c.objc; path = FrameRateSetVC.m; sourceTree = "<group>"; };
		64BF681F1AC0F908001535F5 /* CoreMedia.framework */ = {isa = PBXFileReference; lastKnownFileType = wrapper.framework; name = CoreMedia.framework; path = System/Library/Frameworks/CoreMedia.framework; sourceTree = SDKROOT; };
		64BF68211AC0F90E001535F5 /* QuartzCore.framework */ = {isa = PBXFileReference; lastKnownFileType = wrapper.framework; name = QuartzCore.framework; path = System/Library/Frameworks/QuartzCore.framework; sourceTree = SDKROOT; };
		64BF68231AC0F91B001535F5 /* CoreVideo.framework */ = {isa = PBXFileReference; lastKnownFileType = wrapper.framework; name = CoreVideo.framework; path = System/Library/Frameworks/CoreVideo.framework; sourceTree = SDKROOT; };
		64BF68251AC0F921001535F5 /* AVFoundation.framework */ = {isa = PBXFileReference; lastKnownFileType = wrapper.framework; name = AVFoundation.framework; path = System/Library/Frameworks/AVFoundation.framework; sourceTree = SDKROOT; };
		64BF68271AC0F92B001535F5 /* CoreGraphics.framework */ = {isa = PBXFileReference; lastKnownFileType = wrapper.framework; name = CoreGraphics.framework; path = System/Library/Frameworks/CoreGraphics.framework; sourceTree = SDKROOT; };
		64BF68291AC0F937001535F5 /* Security.framework */ = {isa = PBXFileReference; lastKnownFileType = wrapper.framework; name = Security.framework; path = System/Library/Frameworks/Security.framework; sourceTree = SDKROOT; };
		64BF682B1AC0F942001535F5 /* CoreData.framework */ = {isa = PBXFileReference; lastKnownFileType = wrapper.framework; name = CoreData.framework; path = System/Library/Frameworks/CoreData.framework; sourceTree = SDKROOT; };
		64BF682D1AC0F953001535F5 /* UIKit.framework */ = {isa = PBXFileReference; lastKnownFileType = wrapper.framework; name = UIKit.framework; path = System/Library/Frameworks/UIKit.framework; sourceTree = SDKROOT; };
		64BF682F1AC0F95F001535F5 /* Foundation.framework */ = {isa = PBXFileReference; lastKnownFileType = wrapper.framework; name = Foundation.framework; path = System/Library/Frameworks/Foundation.framework; sourceTree = SDKROOT; };
		64BF68321AC0FA1D001535F5 /* AVFoundationHandler.h */ = {isa = PBXFileReference; fileEncoding = 4; lastKnownFileType = sourcecode.c.h; path = AVFoundationHandler.h; sourceTree = "<group>"; };
		64BF68331AC0FA1D001535F5 /* AVFoundationHandler.m */ = {isa = PBXFileReference; fileEncoding = 4; lastKnownFileType = sourcecode.c.objc; path = AVFoundationHandler.m; sourceTree = "<group>"; };
		64C2099B1AC8EA7700B26444 /* CameraFilterVC.h */ = {isa = PBXFileReference; fileEncoding = 4; lastKnownFileType = sourcecode.c.h; path = CameraFilterVC.h; sourceTree = "<group>"; };
		64C2099C1AC8EA7700B26444 /* CameraFilterVC.m */ = {isa = PBXFileReference; fileEncoding = 4; lastKnownFileType = sourcecode.c.objc; path = CameraFilterVC.m; sourceTree = "<group>"; };
		64C2A0D21AC3ECF300967689 /* CameraView.h */ = {isa = PBXFileReference; fileEncoding = 4; lastKnownFileType = sourcecode.c.h; path = CameraView.h; sourceTree = "<group>"; };
		64C2A0D31AC3ECF300967689 /* CameraView.m */ = {isa = PBXFileReference; fileEncoding = 4; lastKnownFileType = sourcecode.c.objc; path = CameraView.m; sourceTree = "<group>"; };
		64C2A0D51AC4064300967689 /* MyNavigationViewController.h */ = {isa = PBXFileReference; fileEncoding = 4; lastKnownFileType = sourcecode.c.h; path = MyNavigationViewController.h; sourceTree = "<group>"; };
		64C2A0D61AC4064300967689 /* MyNavigationViewController.m */ = {isa = PBXFileReference; fileEncoding = 4; lastKnownFileType = sourcecode.c.objc; path = MyNavigationViewController.m; sourceTree = "<group>"; };
		64C705F71ACB833C00889DCA /* CTargetAction.h */ = {isa = PBXFileReference; fileEncoding = 4; lastKnownFileType = sourcecode.c.h; path = CTargetAction.h; sourceTree = "<group>"; };
		64C705F81ACB833C00889DCA /* CTargetAction.m */ = {isa = PBXFileReference; fileEncoding = 4; lastKnownFileType = sourcecode.c.objc; path = CTargetAction.m; sourceTree = "<group>"; };
		64C705FB1ACBD43300889DCA /* FocusLensVC.h */ = {isa = PBXFileReference; fileEncoding = 4; lastKnownFileType = sourcecode.c.h; path = FocusLensVC.h; sourceTree = "<group>"; };
		64C705FC1ACBD43300889DCA /* FocusLensVC.m */ = {isa = PBXFileReference; fileEncoding = 4; lastKnownFileType = sourcecode.c.objc; path = FocusLensVC.m; sourceTree = "<group>"; };
		843A8839822DFDA76A50AC85 /* libPods.a */ = {isa = PBXFileReference; explicitFileType = archive.ar; includeInIndex = 0; path = libPods.a; sourceTree = BUILT_PRODUCTS_DIR; };
/* End PBXFileReference section */

/* Begin PBXFrameworksBuildPhase section */
		6404ECCB1AC01D050011BC5A /* Frameworks */ = {
			isa = PBXFrameworksBuildPhase;
			buildActionMask = 2147483647;
			files = (
				644D8D351AC9343900507D16 /* CoreImage.framework in Frameworks */,
				644D8CF51AC91E0B00507D16 /* OpenGLES.framework in Frameworks */,
				64BF68301AC0F95F001535F5 /* Foundation.framework in Frameworks */,
				64BF682E1AC0F953001535F5 /* UIKit.framework in Frameworks */,
				64BF682C1AC0F942001535F5 /* CoreData.framework in Frameworks */,
				64BF682A1AC0F937001535F5 /* Security.framework in Frameworks */,
				64BF68281AC0F92B001535F5 /* CoreGraphics.framework in Frameworks */,
				64BF68261AC0F921001535F5 /* AVFoundation.framework in Frameworks */,
				64BF68241AC0F91B001535F5 /* CoreVideo.framework in Frameworks */,
				64BF68221AC0F90E001535F5 /* QuartzCore.framework in Frameworks */,
				64BF68201AC0F908001535F5 /* CoreMedia.framework in Frameworks */,
				3AF86DD56C27E5F42A2544E5 /* libPods.a in Frameworks */,
			);
			runOnlyForDeploymentPostprocessing = 0;
		};
		6404ECE71AC01D050011BC5A /* Frameworks */ = {
			isa = PBXFrameworksBuildPhase;
			buildActionMask = 2147483647;
			files = (
			);
			runOnlyForDeploymentPostprocessing = 0;
		};
/* End PBXFrameworksBuildPhase section */

/* Begin PBXGroup section */
		2E8DE263777A6C3A6A966B59 /* Pods */ = {
			isa = PBXGroup;
			children = (
				3B4F6B88B0EA7815C7ADDC30 /* Pods.debug.xcconfig */,
				0F0FF2B5F1164EAC5749F283 /* Pods.release.xcconfig */,
			);
			name = Pods;
			sourceTree = "<group>";
		};
		6404ECC51AC01D050011BC5A = {
			isa = PBXGroup;
			children = (
				640DC2FC1AC1589300E45999 /* DataManager */,
				64BF68311AC0F9EA001535F5 /* Tools */,
				64B9F65D1AC295ED00FBD86B /* AlbumVC */,
				64B9F6701AC2A30B00FBD86B /* CameraView */,
				6404ECD01AC01D050011BC5A /* CameraDemo */,
				6404ECED1AC01D050011BC5A /* CameraDemoTests */,
				6404ECCF1AC01D050011BC5A /* Products */,
				2E8DE263777A6C3A6A966B59 /* Pods */,
				EDCF479E44B31B07FEDC6505 /* Frameworks */,
			);
			sourceTree = "<group>";
		};
		6404ECCF1AC01D050011BC5A /* Products */ = {
			isa = PBXGroup;
			children = (
				6404ECCE1AC01D050011BC5A /* CameraDemo.app */,
				6404ECEA1AC01D050011BC5A /* CameraDemoTests.xctest */,
			);
			name = Products;
			sourceTree = "<group>";
		};
		6404ECD01AC01D050011BC5A /* CameraDemo */ = {
			isa = PBXGroup;
			children = (
				64C2A0D51AC4064300967689 /* MyNavigationViewController.h */,
				64C2A0D61AC4064300967689 /* MyNavigationViewController.m */,
				640DC3031AC1665300E45999 /* CommonDefine.h */,
				640DC3041AC1665300E45999 /* CommonDefine.m */,
				6404ECD51AC01D050011BC5A /* AppDelegate.h */,
				6404ECD61AC01D050011BC5A /* AppDelegate.m */,
				6404ECDE1AC01D050011BC5A /* Main.storyboard */,
				6404ECE11AC01D050011BC5A /* Images.xcassets */,
				6404ECE31AC01D050011BC5A /* LaunchScreen.xib */,
				6404ECD81AC01D050011BC5A /* CameraDemo.xcdatamodeld */,
				6404ECD11AC01D050011BC5A /* Supporting Files */,
			);
			path = CameraDemo;
			sourceTree = "<group>";
		};
		6404ECD11AC01D050011BC5A /* Supporting Files */ = {
			isa = PBXGroup;
			children = (
				6404ECD21AC01D050011BC5A /* Info.plist */,
				6404ECD31AC01D050011BC5A /* main.m */,
			);
			name = "Supporting Files";
			sourceTree = "<group>";
		};
		6404ECED1AC01D050011BC5A /* CameraDemoTests */ = {
			isa = PBXGroup;
			children = (
				6404ECF01AC01D050011BC5A /* CameraDemoTests.m */,
				6404ECEE1AC01D050011BC5A /* Supporting Files */,
			);
			path = CameraDemoTests;
			sourceTree = "<group>";
		};
		6404ECEE1AC01D050011BC5A /* Supporting Files */ = {
			isa = PBXGroup;
			children = (
				6404ECEF1AC01D050011BC5A /* Info.plist */,
			);
			name = "Supporting Files";
			sourceTree = "<group>";
		};
		640DC2FC1AC1589300E45999 /* DataManager */ = {
			isa = PBXGroup;
			children = (
				64BCC5D71ACD15BF004547B5 /* PhotoInfo.h */,
				64BCC5D81ACD15BF004547B5 /* PhotoInfo.m */,
				64BCC5D41ACD15BE004547B5 /* AlbumInfo.h */,
				64BCC5D51ACD15BE004547B5 /* AlbumInfo.m */,
				640DC2FD1AC158BA00E45999 /* PhotoHandler.h */,
				640DC2FE1AC158BA00E45999 /* PhotoHandler.m */,
				64B9F66A1AC29CA400FBD86B /* AlbumHandler.h */,
				64B9F66B1AC29CA400FBD86B /* AlbumHandler.m */,
				640DC3001AC1640200E45999 /* DateHandler.h */,
				640DC3011AC1640200E45999 /* DateHandler.m */,
			);
			name = DataManager;
			sourceTree = "<group>";
		};
		64B9F65D1AC295ED00FBD86B /* AlbumVC */ = {
			isa = PBXGroup;
			children = (
				640DC3091AC16B9C00E45999 /* AlbumViewController.h */,
				640DC30A1AC16B9C00E45999 /* AlbumViewController.m */,
				64B9F65A1AC2929B00FBD86B /* AlbumCollectionViewCell.h */,
				64B9F65B1AC2929B00FBD86B /* AlbumCollectionViewCell.m */,
				64B9F66D1AC29FDE00FBD86B /* AlbumViewModeClass.h */,
				64B9F66E1AC29FDE00FBD86B /* AlbumViewModeClass.m */,
				64BCC5D11ACD104D004547B5 /* PhotoDetailVC.h */,
				64BCC5D21ACD104D004547B5 /* PhotoDetailVC.m */,
			);
			name = AlbumVC;
			sourceTree = "<group>";
		};
		64B9F6701AC2A30B00FBD86B /* CameraView */ = {
			isa = PBXGroup;
			children = (
				64C2A0D21AC3ECF300967689 /* CameraView.h */,
				64C2A0D31AC3ECF300967689 /* CameraView.m */,
				6404ECDB1AC01D050011BC5A /* ViewController.h */,
				6404ECDC1AC01D050011BC5A /* ViewController.m */,
				64B9F6711AC2A34900FBD86B /* CameraViewModeClass.h */,
				64B9F6721AC2A34900FBD86B /* CameraViewModeClass.m */,
				64B9ABFD1AC519D900CE0D2C /* ExposureSetVC.h */,
				64B9ABFE1AC519D900CE0D2C /* ExposureSetVC.m */,
				64BCEB211AC6EAD10049ABA2 /* FrameRateSetVC.h */,
				64BCEB221AC6EAD10049ABA2 /* FrameRateSetVC.m */,
				64C2099B1AC8EA7700B26444 /* CameraFilterVC.h */,
				64C2099C1AC8EA7700B26444 /* CameraFilterVC.m */,
				64C705FB1ACBD43300889DCA /* FocusLensVC.h */,
				64C705FC1ACBD43300889DCA /* FocusLensVC.m */,
				64B62DEF1ACC3FB700B21886 /* WhiteBalanceSetVC.h */,
				64B62DF01ACC3FB700B21886 /* WhiteBalanceSetVC.m */,
			);
			name = CameraView;
			sourceTree = "<group>";
		};
		64BF68311AC0F9EA001535F5 /* Tools */ = {
			isa = PBXGroup;
			children = (
				64BF68321AC0FA1D001535F5 /* AVFoundationHandler.h */,
				64BF68331AC0FA1D001535F5 /* AVFoundationHandler.m */,
				640DC2F61AC152EF00E45999 /* ImageCacheHandler.h */,
				640DC2F71AC152EF00E45999 /* ImageCacheHandler.m */,
				64B9F65E1AC2964900FBD86B /* ViewModelClass.h */,
				64B9F65F1AC2964900FBD86B /* ViewModelClass.m */,
				64C705F71ACB833C00889DCA /* CTargetAction.h */,
				64C705F81ACB833C00889DCA /* CTargetAction.m */,
			);
			name = Tools;
			sourceTree = "<group>";
		};
		EDCF479E44B31B07FEDC6505 /* Frameworks */ = {
			isa = PBXGroup;
			children = (
				644D8D341AC9343900507D16 /* CoreImage.framework */,
				644D8CF41AC91E0B00507D16 /* OpenGLES.framework */,
				64BF682F1AC0F95F001535F5 /* Foundation.framework */,
				64BF682D1AC0F953001535F5 /* UIKit.framework */,
				64BF682B1AC0F942001535F5 /* CoreData.framework */,
				64BF68291AC0F937001535F5 /* Security.framework */,
				64BF68271AC0F92B001535F5 /* CoreGraphics.framework */,
				64BF68251AC0F921001535F5 /* AVFoundation.framework */,
				64BF68231AC0F91B001535F5 /* CoreVideo.framework */,
				64BF68211AC0F90E001535F5 /* QuartzCore.framework */,
				64BF681F1AC0F908001535F5 /* CoreMedia.framework */,
				843A8839822DFDA76A50AC85 /* libPods.a */,
			);
			name = Frameworks;
			sourceTree = "<group>";
		};
/* End PBXGroup section */

/* Begin PBXNativeTarget section */
		6404ECCD1AC01D050011BC5A /* CameraDemo */ = {
			isa = PBXNativeTarget;
			buildConfigurationList = 6404ECF41AC01D060011BC5A /* Build configuration list for PBXNativeTarget "CameraDemo" */;
			buildPhases = (
				5FE932042E2C66491FBF4D04 /* Check Pods Manifest.lock */,
				6404ECCA1AC01D050011BC5A /* Sources */,
				6404ECCB1AC01D050011BC5A /* Frameworks */,
				6404ECCC1AC01D050011BC5A /* Resources */,
				975556DA7D50497A06551D90 /* Copy Pods Resources */,
			);
			buildRules = (
			);
			dependencies = (
			);
			name = CameraDemo;
			productName = CameraDemo;
			productReference = 6404ECCE1AC01D050011BC5A /* CameraDemo.app */;
			productType = "com.apple.product-type.application";
		};
		6404ECE91AC01D050011BC5A /* CameraDemoTests */ = {
			isa = PBXNativeTarget;
			buildConfigurationList = 6404ECF71AC01D060011BC5A /* Build configuration list for PBXNativeTarget "CameraDemoTests" */;
			buildPhases = (
				6404ECE61AC01D050011BC5A /* Sources */,
				6404ECE71AC01D050011BC5A /* Frameworks */,
				6404ECE81AC01D050011BC5A /* Resources */,
			);
			buildRules = (
			);
			dependencies = (
				6404ECEC1AC01D050011BC5A /* PBXTargetDependency */,
			);
			name = CameraDemoTests;
			productName = CameraDemoTests;
			productReference = 6404ECEA1AC01D050011BC5A /* CameraDemoTests.xctest */;
			productType = "com.apple.product-type.bundle.unit-test";
		};
/* End PBXNativeTarget section */

/* Begin PBXProject section */
		6404ECC61AC01D050011BC5A /* Project object */ = {
			isa = PBXProject;
			attributes = {
				LastUpgradeCheck = 0620;
				ORGANIZATIONNAME = pinguo;
				TargetAttributes = {
					6404ECCD1AC01D050011BC5A = {
						CreatedOnToolsVersion = 6.2;
					};
					6404ECE91AC01D050011BC5A = {
						CreatedOnToolsVersion = 6.2;
						TestTargetID = 6404ECCD1AC01D050011BC5A;
					};
				};
			};
			buildConfigurationList = 6404ECC91AC01D050011BC5A /* Build configuration list for PBXProject "CameraDemo" */;
			compatibilityVersion = "Xcode 3.2";
			developmentRegion = English;
			hasScannedForEncodings = 0;
			knownRegions = (
				en,
				Base,
			);
			mainGroup = 6404ECC51AC01D050011BC5A;
			productRefGroup = 6404ECCF1AC01D050011BC5A /* Products */;
			projectDirPath = "";
			projectRoot = "";
			targets = (
				6404ECCD1AC01D050011BC5A /* CameraDemo */,
				6404ECE91AC01D050011BC5A /* CameraDemoTests */,
			);
		};
/* End PBXProject section */

/* Begin PBXResourcesBuildPhase section */
		6404ECCC1AC01D050011BC5A /* Resources */ = {
			isa = PBXResourcesBuildPhase;
			buildActionMask = 2147483647;
			files = (
				6404ECE01AC01D050011BC5A /* Main.storyboard in Resources */,
				6404ECE51AC01D050011BC5A /* LaunchScreen.xib in Resources */,
				6404ECE21AC01D050011BC5A /* Images.xcassets in Resources */,
			);
			runOnlyForDeploymentPostprocessing = 0;
		};
		6404ECE81AC01D050011BC5A /* Resources */ = {
			isa = PBXResourcesBuildPhase;
			buildActionMask = 2147483647;
			files = (
			);
			runOnlyForDeploymentPostprocessing = 0;
		};
/* End PBXResourcesBuildPhase section */

/* Begin PBXShellScriptBuildPhase section */
		5FE932042E2C66491FBF4D04 /* Check Pods Manifest.lock */ = {
			isa = PBXShellScriptBuildPhase;
			buildActionMask = 2147483647;
			files = (
			);
			inputPaths = (
			);
			name = "Check Pods Manifest.lock";
			outputPaths = (
			);
			runOnlyForDeploymentPostprocessing = 0;
			shellPath = /bin/sh;
			shellScript = "diff \"${PODS_ROOT}/../Podfile.lock\" \"${PODS_ROOT}/Manifest.lock\" > /dev/null\nif [[ $? != 0 ]] ; then\n    cat << EOM\nerror: The sandbox is not in sync with the Podfile.lock. Run 'pod install' or update your CocoaPods installation.\nEOM\n    exit 1\nfi\n";
			showEnvVarsInLog = 0;
		};
		975556DA7D50497A06551D90 /* Copy Pods Resources */ = {
			isa = PBXShellScriptBuildPhase;
			buildActionMask = 2147483647;
			files = (
			);
			inputPaths = (
			);
			name = "Copy Pods Resources";
			outputPaths = (
			);
			runOnlyForDeploymentPostprocessing = 0;
			shellPath = /bin/sh;
			shellScript = "\"${SRCROOT}/Pods/Target Support Files/Pods/Pods-resources.sh\"\n";
			showEnvVarsInLog = 0;
		};
/* End PBXShellScriptBuildPhase section */

/* Begin PBXSourcesBuildPhase section */
		6404ECCA1AC01D050011BC5A /* Sources */ = {
			isa = PBXSourcesBuildPhase;
			buildActionMask = 2147483647;
			files = (
				64B9F65C1AC2929B00FBD86B /* AlbumCollectionViewCell.m in Sources */,
				640DC2FF1AC158BA00E45999 /* PhotoHandler.m in Sources */,
				64BF68341AC0FA1D001535F5 /* AVFoundationHandler.m in Sources */,
				64C705FD1ACBD43300889DCA /* FocusLensVC.m in Sources */,
				640DC3051AC1665300E45999 /* CommonDefine.m in Sources */,
				64BCC5D31ACD104D004547B5 /* PhotoDetailVC.m in Sources */,
				64BCC5D91ACD15BF004547B5 /* PhotoInfo.m in Sources */,
				64C2099D1AC8EA7700B26444 /* CameraFilterVC.m in Sources */,
				64C705F91ACB833C00889DCA /* CTargetAction.m in Sources */,
				64B9ABFF1AC519D900CE0D2C /* ExposureSetVC.m in Sources */,
				64B9F66F1AC29FDE00FBD86B /* AlbumViewModeClass.m in Sources */,
				640DC3021AC1640200E45999 /* DateHandler.m in Sources */,
				64BCC5D61ACD15BE004547B5 /* AlbumInfo.m in Sources */,
				64B9F66C1AC29CA400FBD86B /* AlbumHandler.m in Sources */,
				6404ECDA1AC01D050011BC5A /* CameraDemo.xcdatamodeld in Sources */,
				64B9F6601AC2964900FBD86B /* ViewModelClass.m in Sources */,
				6404ECD71AC01D050011BC5A /* AppDelegate.m in Sources */,
				64B62DF11ACC3FB700B21886 /* WhiteBalanceSetVC.m in Sources */,
				64BCEB231AC6EAD10049ABA2 /* FrameRateSetVC.m in Sources */,
				6404ECDD1AC01D050011BC5A /* ViewController.m in Sources */,
				6404ECD41AC01D050011BC5A /* main.m in Sources */,
				64C2A0D71AC4064300967689 /* MyNavigationViewController.m in Sources */,
				640DC30B1AC16B9C00E45999 /* AlbumViewController.m in Sources */,
				64B9F6731AC2A34900FBD86B /* CameraViewModeClass.m in Sources */,
				640DC2F81AC152EF00E45999 /* ImageCacheHandler.m in Sources */,
				64C2A0D41AC3ECF300967689 /* CameraView.m in Sources */,
			);
			runOnlyForDeploymentPostprocessing = 0;
		};
		6404ECE61AC01D050011BC5A /* Sources */ = {
			isa = PBXSourcesBuildPhase;
			buildActionMask = 2147483647;
			files = (
				6404ECF11AC01D050011BC5A /* CameraDemoTests.m in Sources */,
			);
			runOnlyForDeploymentPostprocessing = 0;
		};
/* End PBXSourcesBuildPhase section */

/* Begin PBXTargetDependency section */
		6404ECEC1AC01D050011BC5A /* PBXTargetDependency */ = {
			isa = PBXTargetDependency;
			target = 6404ECCD1AC01D050011BC5A /* CameraDemo */;
			targetProxy = 6404ECEB1AC01D050011BC5A /* PBXContainerItemProxy */;
		};
/* End PBXTargetDependency section */

/* Begin PBXVariantGroup section */
		6404ECDE1AC01D050011BC5A /* Main.storyboard */ = {
			isa = PBXVariantGroup;
			children = (
				6404ECDF1AC01D050011BC5A /* Base */,
			);
			name = Main.storyboard;
			sourceTree = "<group>";
		};
		6404ECE31AC01D050011BC5A /* LaunchScreen.xib */ = {
			isa = PBXVariantGroup;
			children = (
				6404ECE41AC01D050011BC5A /* Base */,
			);
			name = LaunchScreen.xib;
			sourceTree = "<group>";
		};
/* End PBXVariantGroup section */

/* Begin XCBuildConfiguration section */
		6404ECF21AC01D050011BC5A /* Debug */ = {
			isa = XCBuildConfiguration;
			buildSettings = {
				ALWAYS_SEARCH_USER_PATHS = NO;
				CLANG_CXX_LANGUAGE_STANDARD = "gnu++0x";
				CLANG_CXX_LIBRARY = "libc++";
				CLANG_ENABLE_MODULES = YES;
				CLANG_ENABLE_OBJC_ARC = YES;
				CLANG_WARN_BOOL_CONVERSION = YES;
				CLANG_WARN_CONSTANT_CONVERSION = YES;
				CLANG_WARN_DIRECT_OBJC_ISA_USAGE = YES_ERROR;
				CLANG_WARN_EMPTY_BODY = YES;
				CLANG_WARN_ENUM_CONVERSION = YES;
				CLANG_WARN_INT_CONVERSION = YES;
				CLANG_WARN_OBJC_ROOT_CLASS = YES_ERROR;
				CLANG_WARN_UNREACHABLE_CODE = YES;
				CLANG_WARN__DUPLICATE_METHOD_MATCH = YES;
				"CODE_SIGN_IDENTITY[sdk=iphoneos*]" = "iPhone Developer";
				COPY_PHASE_STRIP = NO;
				ENABLE_STRICT_OBJC_MSGSEND = YES;
				GCC_C_LANGUAGE_STANDARD = gnu99;
				GCC_DYNAMIC_NO_PIC = NO;
				GCC_OPTIMIZATION_LEVEL = 0;
				GCC_PREPROCESSOR_DEFINITIONS = (
					"DEBUG=1",
					"$(inherited)",
				);
				GCC_SYMBOLS_PRIVATE_EXTERN = NO;
				GCC_WARN_64_TO_32_BIT_CONVERSION = YES;
				GCC_WARN_ABOUT_RETURN_TYPE = YES_ERROR;
				GCC_WARN_UNDECLARED_SELECTOR = YES;
				GCC_WARN_UNINITIALIZED_AUTOS = YES_AGGRESSIVE;
				GCC_WARN_UNUSED_FUNCTION = YES;
				GCC_WARN_UNUSED_VARIABLE = YES;
				IPHONEOS_DEPLOYMENT_TARGET = 8.0;
				MTL_ENABLE_DEBUG_INFO = YES;
				ONLY_ACTIVE_ARCH = YES;
				SDKROOT = iphoneos;
			};
			name = Debug;
		};
		6404ECF31AC01D050011BC5A /* Release */ = {
			isa = XCBuildConfiguration;
			buildSettings = {
				ALWAYS_SEARCH_USER_PATHS = NO;
				CLANG_CXX_LANGUAGE_STANDARD = "gnu++0x";
				CLANG_CXX_LIBRARY = "libc++";
				CLANG_ENABLE_MODULES = YES;
				CLANG_ENABLE_OBJC_ARC = YES;
				CLANG_WARN_BOOL_CONVERSION = YES;
				CLANG_WARN_CONSTANT_CONVERSION = YES;
				CLANG_WARN_DIRECT_OBJC_ISA_USAGE = YES_ERROR;
				CLANG_WARN_EMPTY_BODY = YES;
				CLANG_WARN_ENUM_CONVERSION = YES;
				CLANG_WARN_INT_CONVERSION = YES;
				CLANG_WARN_OBJC_ROOT_CLASS = YES_ERROR;
				CLANG_WARN_UNREACHABLE_CODE = YES;
				CLANG_WARN__DUPLICATE_METHOD_MATCH = YES;
				"CODE_SIGN_IDENTITY[sdk=iphoneos*]" = "iPhone Developer";
				COPY_PHASE_STRIP = NO;
				ENABLE_NS_ASSERTIONS = NO;
				ENABLE_STRICT_OBJC_MSGSEND = YES;
				GCC_C_LANGUAGE_STANDARD = gnu99;
				GCC_WARN_64_TO_32_BIT_CONVERSION = YES;
				GCC_WARN_ABOUT_RETURN_TYPE = YES_ERROR;
				GCC_WARN_UNDECLARED_SELECTOR = YES;
				GCC_WARN_UNINITIALIZED_AUTOS = YES_AGGRESSIVE;
				GCC_WARN_UNUSED_FUNCTION = YES;
				GCC_WARN_UNUSED_VARIABLE = YES;
				IPHONEOS_DEPLOYMENT_TARGET = 8.0;
				MTL_ENABLE_DEBUG_INFO = NO;
				SDKROOT = iphoneos;
				VALIDATE_PRODUCT = YES;
			};
			name = Release;
		};
		6404ECF51AC01D060011BC5A /* Debug */ = {
			isa = XCBuildConfiguration;
			baseConfigurationReference = 3B4F6B88B0EA7815C7ADDC30 /* Pods.debug.xcconfig */;
			buildSettings = {
				ASSETCATALOG_COMPILER_APPICON_NAME = AppIcon;
				CODE_SIGN_IDENTITY = "iPhone Developer: Qiang Zhu (N3YQQZE5KP)";
				GCC_PREFIX_HEADER = "";
				INFOPLIST_FILE = CameraDemo/Info.plist;
				IPHONEOS_DEPLOYMENT_TARGET = 8.0;
				LD_RUNPATH_SEARCH_PATHS = "$(inherited) @executable_path/Frameworks";
				PRODUCT_NAME = "$(TARGET_NAME)";
				PROVISIONING_PROFILE = "cf6396e9-9234-414e-a4d1-0bb0934eb936";
			};
			name = Debug;
		};
		6404ECF61AC01D060011BC5A /* Release */ = {
			isa = XCBuildConfiguration;
			baseConfigurationReference = 0F0FF2B5F1164EAC5749F283 /* Pods.release.xcconfig */;
			buildSettings = {
				ASSETCATALOG_COMPILER_APPICON_NAME = AppIcon;
				GCC_PREFIX_HEADER = "";
				INFOPLIST_FILE = CameraDemo/Info.plist;
				IPHONEOS_DEPLOYMENT_TARGET = 8.0;
				LD_RUNPATH_SEARCH_PATHS = "$(inherited) @executable_path/Frameworks";
				PRODUCT_NAME = "$(TARGET_NAME)";
				PROVISIONING_PROFILE = "cf6396e9-9234-414e-a4d1-0bb0934eb936";
			};
			name = Release;
		};
		6404ECF81AC01D060011BC5A /* Debug */ = {
			isa = XCBuildConfiguration;
			buildSettings = {
				BUNDLE_LOADER = "$(TEST_HOST)";
				FRAMEWORK_SEARCH_PATHS = (
					"$(SDKROOT)/Developer/Library/Frameworks",
					"$(inherited)",
				);
				GCC_PREPROCESSOR_DEFINITIONS = (
					"DEBUG=1",
					"$(inherited)",
				);
				INFOPLIST_FILE = CameraDemoTests/Info.plist;
				LD_RUNPATH_SEARCH_PATHS = "$(inherited) @executable_path/Frameworks @loader_path/Frameworks";
				PRODUCT_NAME = "$(TARGET_NAME)";
				TEST_HOST = "$(BUILT_PRODUCTS_DIR)/CameraDemo.app/CameraDemo";
			};
			name = Debug;
		};
		6404ECF91AC01D060011BC5A /* Release */ = {
			isa = XCBuildConfiguration;
			buildSettings = {
				BUNDLE_LOADER = "$(TEST_HOST)";
				FRAMEWORK_SEARCH_PATHS = (
					"$(SDKROOT)/Developer/Library/Frameworks",
					"$(inherited)",
				);
				INFOPLIST_FILE = CameraDemoTests/Info.plist;
				LD_RUNPATH_SEARCH_PATHS = "$(inherited) @executable_path/Frameworks @loader_path/Frameworks";
				PRODUCT_NAME = "$(TARGET_NAME)";
				TEST_HOST = "$(BUILT_PRODUCTS_DIR)/CameraDemo.app/CameraDemo";
			};
			name = Release;
		};
/* End XCBuildConfiguration section */

/* Begin XCConfigurationList section */
		6404ECC91AC01D050011BC5A /* Build configuration list for PBXProject "CameraDemo" */ = {
			isa = XCConfigurationList;
			buildConfigurations = (
				6404ECF21AC01D050011BC5A /* Debug */,
				6404ECF31AC01D050011BC5A /* Release */,
			);
			defaultConfigurationIsVisible = 0;
			defaultConfigurationName = Release;
		};
		6404ECF41AC01D060011BC5A /* Build configuration list for PBXNativeTarget "CameraDemo" */ = {
			isa = XCConfigurationList;
			buildConfigurations = (
				6404ECF51AC01D060011BC5A /* Debug */,
				6404ECF61AC01D060011BC5A /* Release */,
			);
			defaultConfigurationIsVisible = 0;
			defaultConfigurationName = Release;
		};
		6404ECF71AC01D060011BC5A /* Build configuration list for PBXNativeTarget "CameraDemoTests" */ = {
			isa = XCConfigurationList;
			buildConfigurations = (
				6404ECF81AC01D060011BC5A /* Debug */,
				6404ECF91AC01D060011BC5A /* Release */,
			);
			defaultConfigurationIsVisible = 0;
			defaultConfigurationName = Release;
		};
/* End XCConfigurationList section */

/* Begin XCVersionGroup section */
		6404ECD81AC01D050011BC5A /* CameraDemo.xcdatamodeld */ = {
			isa = XCVersionGroup;
			children = (
				6404ECD91AC01D050011BC5A /* CameraDemo.xcdatamodel */,
			);
			currentVersion = 6404ECD91AC01D050011BC5A /* CameraDemo.xcdatamodel */;
			path = CameraDemo.xcdatamodeld;
			sourceTree = "<group>";
			versionGroupType = wrapper.xcdatamodel;
		};
/* End XCVersionGroup section */
	};
	rootObject = 6404ECC61AC01D050011BC5A /* Project object */;
}
